{
    "_readme": [
        "This file locks the dependencies of your project to a known state",
        "Read more about it at http://getcomposer.org/doc/01-basic-usage.md#composer-lock-the-lock-file"
    ],
    "hash": "03e476294ecc0299a6cd9a1bae8d18b1",
    "packages": [
        {
            "name": "hashids/hashids",
            "version": "dev-master",
            "source": {
                "type": "git",
                "url": "https://github.com/ivanakimov/hashids.php.git",
                "reference": "d848b63b799118ed2abafbbaad28773e84d0f38f"
            },
            "dist": {
                "type": "zip",
                "url": "https://api.github.com/repos/ivanakimov/hashids.php/zipball/d848b63b799118ed2abafbbaad28773e84d0f38f",
                "reference": "d848b63b799118ed2abafbbaad28773e84d0f38f",
                "shasum": ""
            },
            "require": {
                "php": ">=5.3.0"
            },
            "type": "library",
            "extra": {
                "branch-alias": {
                    "dev-master": "0.3.x-dev"
                }
            },
            "autoload": {
                "psr-0": {
                    "Hashids": "lib/"
                }
            },
            "notification-url": "https://packagist.org/downloads/",
            "license": [
                "MIT"
            ],
            "authors": [
                {
                    "name": "Ivan Akimov",
                    "email": "ivan@grather.com",
                    "homepage": "https://twitter.com/ivanakimov",
                    "role": "Developer"
                }
            ],
            "description": "Generate hashes like YouTube or Bitly from numbers to obfuscate your database IDs, or navigate to the right shard.",
            "homepage": "http://www.hashids.org/php/",
            "keywords": [
                "bitly",
                "decrypt",
                "encrypt",
                "hash",
                "hashids",
                "ids",
                "obfuscate",
                "youtube"
            ],
            "time": "2013-09-20 01:07:51"
        }
    ],
    "packages-dev": [

    ],
    "aliases": [

    ],
    "minimum-stability": "stable",
    "stability-flags": {
        "hashids/hashids": 20
    },
    "platform": [

    ],
    "platform-dev": [

    ]
}
